
Microsoft Visual Studio Solution File, Format Version 12.00
# Visual Studio Version 16
VisualStudioVersion = 16.0.29806.167
MinimumVisualStudioVersion = 10.0.40219.1
Project("{FAE04EC0-301F-11D3-BF4B-00C04F79EFBC}") = "Infrastucture", "Infrastucture\Infrastucture.csproj", "{8790983C-6929-4E8F-BB03-1162393FD9E8}"
EndProject
Project("{FAE04EC0-301F-11D3-BF4B-00C04F79EFBC}") = "Persistance", "Persistance\Persistance.csproj", "{00DE9B90-0064-4939-A3CC-A093BE024987}"
EndProject
Project("{FAE04EC0-301F-11D3-BF4B-00C04F79EFBC}") = "Common", "Common\Common.csproj", "{D07AB54E-85D5-498F-8141-09B46CE1DDF1}"
EndProject
Project("{FAE04EC0-301F-11D3-BF4B-00C04F79EFBC}") = "Domain", "Domain\Domain.csproj", "{26E64111-6DDE-4A58-8B74-786575F5FF4B}"
EndProject
Project("{FAE04EC0-301F-11D3-BF4B-00C04F79EFBC}") = "Application", "Application\Application.csproj", "{9691801F-64DD-4A01-9AE7-1C45A353FC2D}"
EndProject
Global
	GlobalSection(SolutionConfigurationPlatforms) = preSolution
		Debug|Any CPU = Debug|Any CPU
		Release|Any CPU = Release|Any CPU
	EndGlobalSection
	GlobalSection(ProjectConfigurationPlatforms) = postSolution
		{8790983C-6929-4E8F-BB03-1162393FD9E8}.Debug|Any CPU.ActiveCfg = Debug|Any CPU
		{8790983C-6929-4E8F-BB03-1162393FD9E8}.Debug|Any CPU.Build.0 = Debug|Any CPU
		{8790983C-6929-4E8F-BB03-1162393FD9E8}.Release|Any CPU.ActiveCfg = Release|Any CPU
		{8790983C-6929-4E8F-BB03-1162393FD9E8}.Release|Any CPU.Build.0 = Release|Any CPU
		{00DE9B90-0064-4939-A3CC-A093BE024987}.Debug|Any CPU.ActiveCfg = Debug|Any CPU
		{00DE9B90-0064-4939-A3CC-A093BE024987}.Debug|Any CPU.Build.0 = Debug|Any CPU
		{00DE9B90-0064-4939-A3CC-A093BE024987}.Release|Any CPU.ActiveCfg = Release|Any CPU
		{00DE9B90-0064-4939-A3CC-A093BE024987}.Release|Any CPU.Build.0 = Release|Any CPU
		{D07AB54E-85D5-498F-8141-09B46CE1DDF1}.Debug|Any CPU.ActiveCfg = Debug|Any CPU
		{D07AB54E-85D5-498F-8141-09B46CE1DDF1}.Debug|Any CPU.Build.0 = Debug|Any CPU
		{D07AB54E-85D5-498F-8141-09B46CE1DDF1}.Release|Any CPU.ActiveCfg = Release|Any CPU
		{D07AB54E-85D5-498F-8141-09B46CE1DDF1}.Release|Any CPU.Build.0 = Release|Any CPU
		{26E64111-6DDE-4A58-8B74-786575F5FF4B}.Debug|Any CPU.ActiveCfg = Debug|Any CPU
		{26E64111-6DDE-4A58-8B74-786575F5FF4B}.Debug|Any CPU.Build.0 = Debug|Any CPU
		{26E64111-6DDE-4A58-8B74-786575F5FF4B}.Release|Any CPU.ActiveCfg = Release|Any CPU
		{26E64111-6DDE-4A58-8B74-786575F5FF4B}.Release|Any CPU.Build.0 = Release|Any CPU
		{9691801F-64DD-4A01-9AE7-1C45A353FC2D}.Debug|Any CPU.ActiveCfg = Debug|Any CPU
		{9691801F-64DD-4A01-9AE7-1C45A353FC2D}.Debug|Any CPU.Build.0 = Debug|Any CPU
		{9691801F-64DD-4A01-9AE7-1C45A353FC2D}.Release|Any CPU.ActiveCfg = Release|Any CPU
		{9691801F-64DD-4A01-9AE7-1C45A353FC2D}.Release|Any CPU.Build.0 = Release|Any CPU
	EndGlobalSection
	GlobalSection(SolutionProperties) = preSolution
		HideSolutionNode = FALSE
	EndGlobalSection
	GlobalSection(ExtensibilityGlobals) = postSolution
		SolutionGuid = {16A22521-A32C-4EBD-83C2-56C3E992AB45}
	EndGlobalSection
EndGlobal
